
Microsoft Visual Studio Solution File, Format Version 12.00
# Visual Studio Version 17
VisualStudioVersion = 17.11.35303.130
MinimumVisualStudioVersion = 10.0.40219.1
Project("{2150E333-8FDC-42A3-9474-1A3956D46DE8}") = "Task0", "Task0", "{01D79150-5B02-4BEB-8F47-94DF88A2DBB8}"
EndProject
Project("{9A19103F-16F7-4668-BE54-9A1E7A4F7556}") = "Tyuiu.SimonovMA.Sprint0.Task0.V0", "Tyuiu.SimonovMA.Sprint0.Task0.V0\Tyuiu.SimonovMA.Sprint0.Task0.V0.csproj", "{0CB99B28-2D5C-4E96-A423-E9D05EF7C95A}"
EndProject
Project("{2150E333-8FDC-42A3-9474-1A3956D46DE8}") = "Task1", "Task1", "{787328B8-A883-451F-BA13-BDC616D7ABD2}"
EndProject
Project("{9A19103F-16F7-4668-BE54-9A1E7A4F7556}") = "Tyuiu.SimonovMA.Sprint0.Task1.V0", "Tyuiu.SimonovMA.Sprint0.Task1.V0\Tyuiu.SimonovMA.Sprint0.Task1.V0.csproj", "{495C8FCD-65C9-48A3-AAEF-8E3F9783DC23}"
EndProject
Project("{2150E333-8FDC-42A3-9474-1A3956D46DE8}") = "Task2", "Task2", "{4DA8B1B8-EE5C-4D1D-B685-47982D0063C6}"
EndProject
Project("{9A19103F-16F7-4668-BE54-9A1E7A4F7556}") = "Tyuiu.SimonovMA.Sprint0.Task2.V0", "Tyuiu.SimonovMA.Sprint0.Task2.V0\Tyuiu.SimonovMA.Sprint0.Task2.V0.csproj", "{B0B70FB4-8A08-4A1A-BBA8-67C5E18E4FF2}"
EndProject
Project("{9A19103F-16F7-4668-BE54-9A1E7A4F7556}") = "Tyuiu.SimonovMA.Sprint0.Task2.V0.Lib", "Tyuiu.SimonovMA.Sprint0.Task2.V0.Lib\Tyuiu.SimonovMA.Sprint0.Task2.V0.Lib.csproj", "{36724049-C029-4495-8741-1AE73A9D6391}"
EndProject
Project("{9A19103F-16F7-4668-BE54-9A1E7A4F7556}") = "Tyuiu.SimonovMA.Sprint0.Task2.V0.Test", "Tyuiu.SimonovMA.Sprint0.Task2.V0.Test\Tyuiu.SimonovMA.Sprint0.Task2.V0.Test.csproj", "{39A71691-6AD3-4747-AB78-56B841CDF3E1}"
EndProject
Project("{2150E333-8FDC-42A3-9474-1A3956D46DE8}") = "Task3", "Task3", "{AA6CCBFA-B193-4804-B915-E2BFC46CE3C8}"
EndProject
Project("{FAE04EC0-301F-11D3-BF4B-00C04F79EFBC}") = "Tyuiu.SimonovMA.Sprint0.Task3.V0", "Tyuiu.SimonovMA.Sprint0.Task3.V0\Tyuiu.SimonovMA.Sprint0.Task3.V0.csproj", "{94DB8CD7-558A-4F32-B67B-FCF0731C1837}"
EndProject
Project("{FAE04EC0-301F-11D3-BF4B-00C04F79EFBC}") = "Tyuiu.SimonovMA.Sprint0.Task3.V0.Lib", "Tyuiu.SimonovMA.Sprint0.Task3.V0.Lib\Tyuiu.SimonovMA.Sprint0.Task3.V0.Lib.csproj", "{6E794D48-DA89-4724-9928-C632763B244D}"
EndProject
Project("{FAE04EC0-301F-11D3-BF4B-00C04F79EFBC}") = "Tyuiu.SimonovMA.Sprint0.Task3.V0.Test", "Tyuiu.SimonovMA.Sprint0.Task3.V0.Test\Tyuiu.SimonovMA.Sprint0.Task3.V0.Test.csproj", "{51923653-05D1-46F4-9533-E2E74D939213}"
EndProject
Project("{2150E333-8FDC-42A3-9474-1A3956D46DE8}") = "Task4", "Task4", "{04A4B304-C207-4DB0-9E6D-4B872CA7125F}"
EndProject
Project("{FAE04EC0-301F-11D3-BF4B-00C04F79EFBC}") = "Tyuiu.SimonovMA.Sprint0.Task4.V0", "Tyuiu.SimonovMA.Sprint0.Task4.V0\Tyuiu.SimonovMA.Sprint0.Task4.V0.csproj", "{4AA6C966-EE2D-40C5-AAC3-2309ED8AA86E}"
EndProject
Project("{FAE04EC0-301F-11D3-BF4B-00C04F79EFBC}") = "Tyuiu.SimonovMA.Sprint0.Task4.V0.Lib", "Tyuiu.SimonovMA.Sprint0.Task4.V0.Lib\Tyuiu.SimonovMA.Sprint0.Task4.V0.Lib.csproj", "{AE9E4F41-6F00-42CA-BFB9-0BEE5BE742D6}"
EndProject
Project("{FAE04EC0-301F-11D3-BF4B-00C04F79EFBC}") = "Tyuiu.SimonovMA.Sprint0.Task4.V0.Test", "Tyuiu.SimonovMA.Sprint0.Task4.V0.Test\Tyuiu.SimonovMA.Sprint0.Task4.V0.Test.csproj", "{924D5CE0-29A7-44EE-AF33-9B1A60F2E69A}"
EndProject
Project("{2150E333-8FDC-42A3-9474-1A3956D46DE8}") = "Task5", "Task5", "{1DEB5D8A-4C70-45A5-8310-91E53B741FF4}"
EndProject
Project("{FAE04EC0-301F-11D3-BF4B-00C04F79EFBC}") = "Tyuiu.SimonovMA.Sprint0.Task5.V0", "Tyuiu.SimonovMA.Sprint0.Task5.V0\Tyuiu.SimonovMA.Sprint0.Task5.V0.csproj", "{450C297D-BBEC-4160-8B3E-F8812B753AA0}"
EndProject
Project("{FAE04EC0-301F-11D3-BF4B-00C04F79EFBC}") = "Tyuiu.SimonovMA.Sprint0.Task5.V0.Lib", "Tyuiu.SimonovMA.Sprint0.Task5.V0.Lib\Tyuiu.SimonovMA.Sprint0.Task5.V0.Lib.csproj", "{11DF7C05-272A-467D-BF07-8C2E0097F614}"
EndProject
Project("{FAE04EC0-301F-11D3-BF4B-00C04F79EFBC}") = "Tyuiu.SimonovMA.Sprint0.Task5.V0.Test", "Tyuiu.SimonovMA.Sprint0.Task5.V0.Test\Tyuiu.SimonovMA.Sprint0.Task5.V0.Test.csproj", "{2B879EE9-EAC6-49EB-8690-FDE1401FC2F5}"
EndProject
Global
	GlobalSection(SolutionConfigurationPlatforms) = preSolution
		Debug|Any CPU = Debug|Any CPU
		Release|Any CPU = Release|Any CPU
	EndGlobalSection
	GlobalSection(ProjectConfigurationPlatforms) = postSolution
		{0CB99B28-2D5C-4E96-A423-E9D05EF7C95A}.Debug|Any CPU.ActiveCfg = Debug|Any CPU
		{0CB99B28-2D5C-4E96-A423-E9D05EF7C95A}.Debug|Any CPU.Build.0 = Debug|Any CPU
		{0CB99B28-2D5C-4E96-A423-E9D05EF7C95A}.Release|Any CPU.ActiveCfg = Release|Any CPU
		{0CB99B28-2D5C-4E96-A423-E9D05EF7C95A}.Release|Any CPU.Build.0 = Release|Any CPU
		{495C8FCD-65C9-48A3-AAEF-8E3F9783DC23}.Debug|Any CPU.ActiveCfg = Debug|Any CPU
		{495C8FCD-65C9-48A3-AAEF-8E3F9783DC23}.Debug|Any CPU.Build.0 = Debug|Any CPU
		{495C8FCD-65C9-48A3-AAEF-8E3F9783DC23}.Release|Any CPU.ActiveCfg = Release|Any CPU
		{495C8FCD-65C9-48A3-AAEF-8E3F9783DC23}.Release|Any CPU.Build.0 = Release|Any CPU
		{B0B70FB4-8A08-4A1A-BBA8-67C5E18E4FF2}.Debug|Any CPU.ActiveCfg = Debug|Any CPU
		{B0B70FB4-8A08-4A1A-BBA8-67C5E18E4FF2}.Debug|Any CPU.Build.0 = Debug|Any CPU
		{B0B70FB4-8A08-4A1A-BBA8-67C5E18E4FF2}.Release|Any CPU.ActiveCfg = Release|Any CPU
		{B0B70FB4-8A08-4A1A-BBA8-67C5E18E4FF2}.Release|Any CPU.Build.0 = Release|Any CPU
		{36724049-C029-4495-8741-1AE73A9D6391}.Debug|Any CPU.ActiveCfg = Debug|Any CPU
		{36724049-C029-4495-8741-1AE73A9D6391}.Debug|Any CPU.Build.0 = Debug|Any CPU
		{36724049-C029-4495-8741-1AE73A9D6391}.Release|Any CPU.ActiveCfg = Release|Any CPU
		{36724049-C029-4495-8741-1AE73A9D6391}.Release|Any CPU.Build.0 = Release|Any CPU
		{39A71691-6AD3-4747-AB78-56B841CDF3E1}.Debug|Any CPU.ActiveCfg = Debug|Any CPU
		{39A71691-6AD3-4747-AB78-56B841CDF3E1}.Debug|Any CPU.Build.0 = Debug|Any CPU
		{39A71691-6AD3-4747-AB78-56B841CDF3E1}.Release|Any CPU.ActiveCfg = Release|Any CPU
		{39A71691-6AD3-4747-AB78-56B841CDF3E1}.Release|Any CPU.Build.0 = Release|Any CPU
		{94DB8CD7-558A-4F32-B67B-FCF0731C1837}.Debug|Any CPU.ActiveCfg = Debug|Any CPU
		{94DB8CD7-558A-4F32-B67B-FCF0731C1837}.Debug|Any CPU.Build.0 = Debug|Any CPU
		{94DB8CD7-558A-4F32-B67B-FCF0731C1837}.Release|Any CPU.ActiveCfg = Release|Any CPU
		{94DB8CD7-558A-4F32-B67B-FCF0731C1837}.Release|Any CPU.Build.0 = Release|Any CPU
		{6E794D48-DA89-4724-9928-C632763B244D}.Debug|Any CPU.ActiveCfg = Debug|Any CPU
		{6E794D48-DA89-4724-9928-C632763B244D}.Debug|Any CPU.Build.0 = Debug|Any CPU
		{6E794D48-DA89-4724-9928-C632763B244D}.Release|Any CPU.ActiveCfg = Release|Any CPU
		{6E794D48-DA89-4724-9928-C632763B244D}.Release|Any CPU.Build.0 = Release|Any CPU
		{51923653-05D1-46F4-9533-E2E74D939213}.Debug|Any CPU.ActiveCfg = Debug|Any CPU
		{51923653-05D1-46F4-9533-E2E74D939213}.Debug|Any CPU.Build.0 = Debug|Any CPU
		{51923653-05D1-46F4-9533-E2E74D939213}.Release|Any CPU.ActiveCfg = Release|Any CPU
		{51923653-05D1-46F4-9533-E2E74D939213}.Release|Any CPU.Build.0 = Release|Any CPU
		{4AA6C966-EE2D-40C5-AAC3-2309ED8AA86E}.Debug|Any CPU.ActiveCfg = Debug|Any CPU
		{4AA6C966-EE2D-40C5-AAC3-2309ED8AA86E}.Debug|Any CPU.Build.0 = Debug|Any CPU
		{4AA6C966-EE2D-40C5-AAC3-2309ED8AA86E}.Release|Any CPU.ActiveCfg = Release|Any CPU
		{4AA6C966-EE2D-40C5-AAC3-2309ED8AA86E}.Release|Any CPU.Build.0 = Release|Any CPU
		{AE9E4F41-6F00-42CA-BFB9-0BEE5BE742D6}.Debug|Any CPU.ActiveCfg = Debug|Any CPU
		{AE9E4F41-6F00-42CA-BFB9-0BEE5BE742D6}.Debug|Any CPU.Build.0 = Debug|Any CPU
		{AE9E4F41-6F00-42CA-BFB9-0BEE5BE742D6}.Release|Any CPU.ActiveCfg = Release|Any CPU
		{AE9E4F41-6F00-42CA-BFB9-0BEE5BE742D6}.Release|Any CPU.Build.0 = Release|Any CPU
		{924D5CE0-29A7-44EE-AF33-9B1A60F2E69A}.Debug|Any CPU.ActiveCfg = Debug|Any CPU
		{924D5CE0-29A7-44EE-AF33-9B1A60F2E69A}.Debug|Any CPU.Build.0 = Debug|Any CPU
		{924D5CE0-29A7-44EE-AF33-9B1A60F2E69A}.Release|Any CPU.ActiveCfg = Release|Any CPU
		{924D5CE0-29A7-44EE-AF33-9B1A60F2E69A}.Release|Any CPU.Build.0 = Release|Any CPU
		{450C297D-BBEC-4160-8B3E-F8812B753AA0}.Debug|Any CPU.ActiveCfg = Debug|Any CPU
		{450C297D-BBEC-4160-8B3E-F8812B753AA0}.Debug|Any CPU.Build.0 = Debug|Any CPU
		{450C297D-BBEC-4160-8B3E-F8812B753AA0}.Release|Any CPU.ActiveCfg = Release|Any CPU
		{450C297D-BBEC-4160-8B3E-F8812B753AA0}.Release|Any CPU.Build.0 = Release|Any CPU
		{11DF7C05-272A-467D-BF07-8C2E0097F614}.Debug|Any CPU.ActiveCfg = Debug|Any CPU
		{11DF7C05-272A-467D-BF07-8C2E0097F614}.Debug|Any CPU.Build.0 = Debug|Any CPU
		{11DF7C05-272A-467D-BF07-8C2E0097F614}.Release|Any CPU.ActiveCfg = Release|Any CPU
		{11DF7C05-272A-467D-BF07-8C2E0097F614}.Release|Any CPU.Build.0 = Release|Any CPU
		{2B879EE9-EAC6-49EB-8690-FDE1401FC2F5}.Debug|Any CPU.ActiveCfg = Debug|Any CPU
		{2B879EE9-EAC6-49EB-8690-FDE1401FC2F5}.Debug|Any CPU.Build.0 = Debug|Any CPU
		{2B879EE9-EAC6-49EB-8690-FDE1401FC2F5}.Release|Any CPU.ActiveCfg = Release|Any CPU
		{2B879EE9-EAC6-49EB-8690-FDE1401FC2F5}.Release|Any CPU.Build.0 = Release|Any CPU
	EndGlobalSection
	GlobalSection(SolutionProperties) = preSolution
		HideSolutionNode = FALSE
	EndGlobalSection
	GlobalSection(NestedProjects) = preSolution
		{0CB99B28-2D5C-4E96-A423-E9D05EF7C95A} = {01D79150-5B02-4BEB-8F47-94DF88A2DBB8}
		{495C8FCD-65C9-48A3-AAEF-8E3F9783DC23} = {787328B8-A883-451F-BA13-BDC616D7ABD2}
		{B0B70FB4-8A08-4A1A-BBA8-67C5E18E4FF2} = {4DA8B1B8-EE5C-4D1D-B685-47982D0063C6}
		{36724049-C029-4495-8741-1AE73A9D6391} = {4DA8B1B8-EE5C-4D1D-B685-47982D0063C6}
		{39A71691-6AD3-4747-AB78-56B841CDF3E1} = {4DA8B1B8-EE5C-4D1D-B685-47982D0063C6}
		{94DB8CD7-558A-4F32-B67B-FCF0731C1837} = {AA6CCBFA-B193-4804-B915-E2BFC46CE3C8}
		{6E794D48-DA89-4724-9928-C632763B244D} = {AA6CCBFA-B193-4804-B915-E2BFC46CE3C8}
		{51923653-05D1-46F4-9533-E2E74D939213} = {AA6CCBFA-B193-4804-B915-E2BFC46CE3C8}
		{4AA6C966-EE2D-40C5-AAC3-2309ED8AA86E} = {04A4B304-C207-4DB0-9E6D-4B872CA7125F}
		{AE9E4F41-6F00-42CA-BFB9-0BEE5BE742D6} = {04A4B304-C207-4DB0-9E6D-4B872CA7125F}
		{924D5CE0-29A7-44EE-AF33-9B1A60F2E69A} = {04A4B304-C207-4DB0-9E6D-4B872CA7125F}
		{450C297D-BBEC-4160-8B3E-F8812B753AA0} = {1DEB5D8A-4C70-45A5-8310-91E53B741FF4}
		{11DF7C05-272A-467D-BF07-8C2E0097F614} = {1DEB5D8A-4C70-45A5-8310-91E53B741FF4}
		{2B879EE9-EAC6-49EB-8690-FDE1401FC2F5} = {1DEB5D8A-4C70-45A5-8310-91E53B741FF4}
	EndGlobalSection
	GlobalSection(ExtensibilityGlobals) = postSolution
		SolutionGuid = {A0BF859C-37CF-404E-A403-8484F5CAEF96}
	EndGlobalSection
EndGlobal
